
Microsoft Visual Studio Solution File, Format Version 12.00
# Visual Studio 15
Project("{FAE04EC0-301F-11D3-BF4B-00C04F79EFBC}") = "Assembly-CSharp", "Assembly-CSharp.csproj", "{A82CB7C7-C9D8-F1F9-C77E-13421CA7ABD6}"
EndProject
Global
	GlobalSection(SolutionConfigurationPlatforms) = preSolution
		Debug|Any CPU = Debug|Any CPU
		Release|Any CPU = Release|Any CPU
	EndGlobalSection
	GlobalSection(ProjectConfigurationPlatforms) = postSolution
		{A82CB7C7-C9D8-F1F9-C77E-13421CA7ABD6}.Debug|Any CPU.ActiveCfg = Debug|Any CPU
		{A82CB7C7-C9D8-F1F9-C77E-13421CA7ABD6}.Debug|Any CPU.Build.0 = Debug|Any CPU
		{A82CB7C7-C9D8-F1F9-C77E-13421CA7ABD6}.Release|Any CPU.ActiveCfg = Release|Any CPU
		{A82CB7C7-C9D8-F1F9-C77E-13421CA7ABD6}.Release|Any CPU.Build.0 = Release|Any CPU
	EndGlobalSection
	GlobalSection(SolutionProperties) = preSolution
		HideSolutionNode = FALSE
	EndGlobalSection
EndGlobal
